
Microsoft Visual Studio Solution File, Format Version 12.00
# Visual Studio Version 16
VisualStudioVersion = 16.0.29905.134
MinimumVisualStudioVersion = 10.0.40219.1
Project("{FAE04EC0-301F-11D3-BF4B-00C04F79EFBC}") = "5.TeduShop.Common", "6.TeduShop.Common\5.TeduShop.Common.csproj", "{6BB51151-1893-4A62-B2D5-FCC023AC759D}"
EndProject
Project("{FAE04EC0-301F-11D3-BF4B-00C04F79EFBC}") = "1.TeduShop.Web", "1.TeduShop.Web\1.TeduShop.Web.csproj", "{23D0580A-9488-44CB-B331-EF66EF1C7626}"
EndProject
Project("{FAE04EC0-301F-11D3-BF4B-00C04F79EFBC}") = "2.TeduShop.Service", "2.TeduShop.Service\2.TeduShop.Service.csproj", "{2273DD11-038E-4C68-911A-8AD82357CAAE}"
EndProject
Project("{FAE04EC0-301F-11D3-BF4B-00C04F79EFBC}") = "3.TeduShop.Data", "3.TeduShop.Data\3.TeduShop.Data.csproj", "{4168E54F-A99E-4F34-A00B-7C0E8C080A8B}"
EndProject
Project("{FAE04EC0-301F-11D3-BF4B-00C04F79EFBC}") = "4.TeduShop.Model", "4.TeduShop.Model\4.TeduShop.Model.csproj", "{93E0B7DC-A955-4243-8A10-24A22AA3F453}"
EndProject
Project("{FAE04EC0-301F-11D3-BF4B-00C04F79EFBC}") = "6.TeduShop.UnitTest", "TeduShop.UnitTest\6.TeduShop.UnitTest.csproj", "{E30FF7B8-EF71-4C35-BD86-15B6304063D2}"
EndProject
Global
	GlobalSection(SolutionConfigurationPlatforms) = preSolution
		Debug|Any CPU = Debug|Any CPU
		Release|Any CPU = Release|Any CPU
	EndGlobalSection
	GlobalSection(ProjectConfigurationPlatforms) = postSolution
		{6BB51151-1893-4A62-B2D5-FCC023AC759D}.Debug|Any CPU.ActiveCfg = Debug|Any CPU
		{6BB51151-1893-4A62-B2D5-FCC023AC759D}.Debug|Any CPU.Build.0 = Debug|Any CPU
		{6BB51151-1893-4A62-B2D5-FCC023AC759D}.Release|Any CPU.ActiveCfg = Release|Any CPU
		{6BB51151-1893-4A62-B2D5-FCC023AC759D}.Release|Any CPU.Build.0 = Release|Any CPU
		{23D0580A-9488-44CB-B331-EF66EF1C7626}.Debug|Any CPU.ActiveCfg = Debug|Any CPU
		{23D0580A-9488-44CB-B331-EF66EF1C7626}.Debug|Any CPU.Build.0 = Debug|Any CPU
		{23D0580A-9488-44CB-B331-EF66EF1C7626}.Release|Any CPU.ActiveCfg = Release|Any CPU
		{23D0580A-9488-44CB-B331-EF66EF1C7626}.Release|Any CPU.Build.0 = Release|Any CPU
		{2273DD11-038E-4C68-911A-8AD82357CAAE}.Debug|Any CPU.ActiveCfg = Debug|Any CPU
		{2273DD11-038E-4C68-911A-8AD82357CAAE}.Debug|Any CPU.Build.0 = Debug|Any CPU
		{2273DD11-038E-4C68-911A-8AD82357CAAE}.Release|Any CPU.ActiveCfg = Release|Any CPU
		{2273DD11-038E-4C68-911A-8AD82357CAAE}.Release|Any CPU.Build.0 = Release|Any CPU
		{4168E54F-A99E-4F34-A00B-7C0E8C080A8B}.Debug|Any CPU.ActiveCfg = Debug|Any CPU
		{4168E54F-A99E-4F34-A00B-7C0E8C080A8B}.Debug|Any CPU.Build.0 = Debug|Any CPU
		{4168E54F-A99E-4F34-A00B-7C0E8C080A8B}.Release|Any CPU.ActiveCfg = Release|Any CPU
		{4168E54F-A99E-4F34-A00B-7C0E8C080A8B}.Release|Any CPU.Build.0 = Release|Any CPU
		{93E0B7DC-A955-4243-8A10-24A22AA3F453}.Debug|Any CPU.ActiveCfg = Debug|Any CPU
		{93E0B7DC-A955-4243-8A10-24A22AA3F453}.Debug|Any CPU.Build.0 = Debug|Any CPU
		{93E0B7DC-A955-4243-8A10-24A22AA3F453}.Release|Any CPU.ActiveCfg = Release|Any CPU
		{93E0B7DC-A955-4243-8A10-24A22AA3F453}.Release|Any CPU.Build.0 = Release|Any CPU
		{E30FF7B8-EF71-4C35-BD86-15B6304063D2}.Debug|Any CPU.ActiveCfg = Debug|Any CPU
		{E30FF7B8-EF71-4C35-BD86-15B6304063D2}.Debug|Any CPU.Build.0 = Debug|Any CPU
		{E30FF7B8-EF71-4C35-BD86-15B6304063D2}.Release|Any CPU.ActiveCfg = Release|Any CPU
		{E30FF7B8-EF71-4C35-BD86-15B6304063D2}.Release|Any CPU.Build.0 = Release|Any CPU
	EndGlobalSection
	GlobalSection(SolutionProperties) = preSolution
		HideSolutionNode = FALSE
	EndGlobalSection
	GlobalSection(ExtensibilityGlobals) = postSolution
		SolutionGuid = {07F104EE-1B96-47D9-845A-82D6A90C66F4}
	EndGlobalSection
EndGlobal
